{
  "originHash" : "7b2da1b51bd8fe5587f7e0b95173f6aeb9961193939400aadbb573ab9291f795",
  "pins" : [
    {
      "identity" : "swiftui-flow",
      "kind" : "remoteSourceControl",
      "location" : "https://github.com/tevelee/SwiftUI-Flow.git",
      "state" : {
        "revision" : "b528bd06ae70fbd2936d9561a456fb6ea65bc7ff",
        "version" : "2.5.0"
      }
    }
  ],
  "version" : 3
}
